{
  "name": "onetab-cli",
  "version": "0.1.0",
  "lockfileVersion": 3,
  "requires": true,
  "packages": {
    "": {
      "name": "onetab-cli",
      "version": "0.1.0",
      "dependencies": {
        "classic-level": "^2.0.0",
        "snappy": "^7.3.3"
      },
      "bin": {
        "onetab": "bin/onetab.js"
      }
    },
    "node_modules/@emnapi/core": {
      "version": "1.10.0",
      "resolved": "https://registry.npmjs.org/@emnapi/core/-/core-1.10.0.tgz",
      "integrity": "sha512-yq6OkJ4p82CAfPl0u9mQebQHKPJkY7WrIuk205cTYnYe+k2Z8YBh11FrbRG/H6ihirqcacOgl2BIO8oyMQLeXw==",
      "license": "MIT",
      "optional": true,
      "peer": true,
      "dependencies": {
        "@emnapi/wasi-threads": "1.2.1",
        "tslib": "^2.4.0"
      }
    },
    "node_modules/@emnapi/runtime": {
      "version": "1.10.0",
      "resolved": "https://registry.npmjs.org/@emnapi/runtime/-/runtime-1.10.0.tgz",
      "integrity": "sha512-ewvYlk86xUoGI0zQRNq/mC+16R1QeDlKQy21Ki3oSYXNgLb45GV1P6A0M+/s6nyCuNDqe5VpaY84BzXGwVbwFA==",
      "license": "MIT",
      "optional": true,
      "peer": true,
      "dependencies": {
        "tslib": "^2.4.0"
      }
    },
    "node_modules/@emnapi/wasi-threads": {
      "version": "1.2.1",
      "resolved": "https://registry.npmjs.org/@emnapi/wasi-threads/-/wasi-threads-1.2.1.tgz",
      "integrity": "sha512-uTII7OYF+/Mes/MrcIOYp5yOtSMLBWSIoLPpcgwipoiKbli6k322tcoFsxoIIxPDqW01SQGAgko4EzZi2BNv2w==",
      "license": "MIT",
      "optional": true,
      "peer": true,
      "dependencies": {
        "tslib": "^2.4.0"
      }
    },
    "node_modules/@napi-rs/snappy-android-arm-eabi": {
      "version": "7.3.3",
      "resolved": "https://registry.npmjs.org/@napi-rs/snappy-android-arm-eabi/-/snappy-android-arm-eabi-7.3.3.tgz",
      "integrity": "sha512-d4vUFFzNBvazGfB/KU8MnEax6itTIgRWXodPdZDnWKHy9HwVBndpCiedQDcSNHcZNYV36rx034rpn7SAuTL2NA==",
      "cpu": [
        "arm"
      ],
      "license": "MIT",
      "optional": true,
      "os": [
        "android"
      ],
      "engines": {
        "node": ">= 10"
      }
    },
    "node_modules/@napi-rs/snappy-android-arm64": {
      "version": "7.3.3",
      "resolved": "https://registry.npmjs.org/@napi-rs/snappy-android-arm64/-/snappy-android-arm64-7.3.3.tgz",
      "integrity": "sha512-Uh+w18dhzjVl85MGhRnojb7OLlX2ErvMsYIunO/7l3Frvc2zQvfqsWsFJanu2dwqlE2YDooeNP84S+ywgN9sxg==",
      "cpu": [
        "arm64"
      ],
      "license": "MIT",
      "optional": true,
      "os": [
        "android"
      ],
      "engines": {
        "node": ">= 10"
      }
    },
    "node_modules/@napi-rs/snappy-darwin-arm64": {
      "version": "7.3.3",
      "resolved": "https://registry.npmjs.org/@napi-rs/snappy-darwin-arm64/-/snappy-darwin-arm64-7.3.3.tgz",
      "integrity": "sha512-AmJn+6yOu/0V0YNHLKmRUNYkn93iv/1wtPayC7O1OHtfY6YqHQ31/MVeeRBiEYtQW9TwVZxXrDirxSB1PxRdtw==",
      "cpu": [
        "arm64"
      ],
      "license": "MIT",
      "optional": true,
      "os": [
        "darwin"
      ],
      "engines": {
        "node": ">= 10"
      }
    },
    "node_modules/@napi-rs/snappy-darwin-x64": {
      "version": "7.3.3",
      "resolved": "https://registry.npmjs.org/@napi-rs/snappy-darwin-x64/-/snappy-darwin-x64-7.3.3.tgz",
      "integrity": "sha512-biLTXBmPjPmO7HIpv+5BaV9Gy/4+QJSUNJW8Pjx1UlWAVnocPy7um+zbvAWStZssTI5sfn/jOClrAegD4w09UA==",
      "cpu": [
        "x64"
      ],
      "license": "MIT",
      "optional": true,
      "os": [
        "darwin"
      ],
      "engines": {
        "node": ">= 10"
      }
    },
    "node_modules/@napi-rs/snappy-freebsd-x64": {
      "version": "7.3.3",
      "resolved": "https://registry.npmjs.org/@napi-rs/snappy-freebsd-x64/-/snappy-freebsd-x64-7.3.3.tgz",
      "integrity": "sha512-E3R3ewm8Mrjm0yL2TC3VgnphDsQaCPixNJqBbGiz3NTshVDhlPlOgPKF0NGYqKiKaDGdD9PKtUgOR4vagUtn7g==",
      "cpu": [
        "x64"
      ],
      "license": "MIT",
      "optional": true,
      "os": [
        "freebsd"
      ],
      "engines": {
        "node": ">= 10"
      }
    },
    "node_modules/@napi-rs/snappy-linux-arm-gnueabihf": {
      "version": "7.3.3",
      "resolved": "https://registry.npmjs.org/@napi-rs/snappy-linux-arm-gnueabihf/-/snappy-linux-arm-gnueabihf-7.3.3.tgz",
      "integrity": "sha512-ZuNgtmk9j0KyT7TfLyEnvZJxOhbkyNR761nk04F0Q4NTHMICP28wQj0xgEsnCHUsEeA9OXrRL4R7waiLn+rOQA==",
      "cpu": [
        "arm"
      ],
      "license": "MIT",
      "optional": true,
      "os": [
        "linux"
      ],
      "engines": {
        "node": ">= 10"
      }
    },
    "node_modules/@napi-rs/snappy-linux-arm64-gnu": {
      "version": "7.3.3",
      "resolved": "https://registry.npmjs.org/@napi-rs/snappy-linux-arm64-gnu/-/snappy-linux-arm64-gnu-7.3.3.tgz",
      "integrity": "sha512-KIzwtq0dAzshzpqZWjg0Q9lUx93iZN7wCCUzCdLYIQ+mvJZKM10VCdn0RcuQze1R3UJTPwpPLXQIVskNMBYyPA==",
      "cpu": [
        "arm64"
      ],
      "libc": [
        "glibc"
      ],
      "license": "MIT",
      "optional": true,
      "os": [
        "linux"
      ],
      "engines": {
        "node": ">= 10"
      }
    },
    "node_modules/@napi-rs/snappy-linux-arm64-musl": {
      "version": "7.3.3",
      "resolved": "https://registry.npmjs.org/@napi-rs/snappy-linux-arm64-musl/-/snappy-linux-arm64-musl-7.3.3.tgz",
      "integrity": "sha512-AAED4cQS74xPvktsyVmz5sy8vSxG/+3d7Rq2FDBZzj3Fv6v5vux6uZnECPCAqpALCdTtJ61unqpOyqO7hZCt1Q==",
      "cpu": [
        "arm64"
      ],
      "libc": [
        "musl"
      ],
      "license": "MIT",
      "optional": true,
      "os": [
        "linux"
      ],
      "engines": {
        "node": ">= 10"
      }
    },
    "node_modules/@napi-rs/snappy-linux-ppc64-gnu": {
      "version": "7.3.3",
      "resolved": "https://registry.npmjs.org/@napi-rs/snappy-linux-ppc64-gnu/-/snappy-linux-ppc64-gnu-7.3.3.tgz",
      "integrity": "sha512-pofO5eSLg8ZTBwVae4WHHwJxJGZI8NEb4r5Mppvq12J/1/Hq1HecClXmfY3A7bdT2fsS2Td+Q7CI9VdBOj2sbA==",
      "cpu": [
        "ppc64"
      ],
      "libc": [
        "glibc"
      ],
      "license": "MIT",
      "optional": true,
      "os": [
        "linux"
      ],
      "engines": {
        "node": ">= 10"
      }
    },
    "node_modules/@napi-rs/snappy-linux-riscv64-gnu": {
      "version": "7.3.3",
      "resolved": "https://registry.npmjs.org/@napi-rs/snappy-linux-riscv64-gnu/-/snappy-linux-riscv64-gnu-7.3.3.tgz",
      "integrity": "sha512-OiHYdeuwj0TVBXADUmmQDQ4lL1TB+8EwmXnFgOutoDVXHaUl0CJFyXLa6tYUXe+gRY8hs1v7eb0vyE97LKY06Q==",
      "cpu": [
        "riscv64"
      ],
      "libc": [
        "glibc"
      ],
      "license": "MIT",
      "optional": true,
      "os": [
        "linux"
      ],
      "engines": {
        "node": ">= 10"
      }
    },
    "node_modules/@napi-rs/snappy-linux-s390x-gnu": {
      "version": "7.3.3",
      "resolved": "https://registry.npmjs.org/@napi-rs/snappy-linux-s390x-gnu/-/snappy-linux-s390x-gnu-7.3.3.tgz",
      "integrity": "sha512-66QdmuV9CTq/S/xifZXlMy3PsZTviAgkqqpZ+7vPCmLtuP+nqhaeupShOFf/sIDsS0gZePazPosPTeTBbhkLHg==",
      "cpu": [
        "s390x"
      ],
      "libc": [
        "glibc"
      ],
      "license": "MIT",
      "optional": true,
      "os": [
        "linux"
      ],
      "engines": {
        "node": ">= 10"
      }
    },
    "node_modules/@napi-rs/snappy-linux-x64-gnu": {
      "version": "7.3.3",
      "resolved": "https://registry.npmjs.org/@napi-rs/snappy-linux-x64-gnu/-/snappy-linux-x64-gnu-7.3.3.tgz",
      "integrity": "sha512-g6KURjOxrgb8yXDEZMuIcHkUr/7TKlDwSiydEQtMtP3n4iI4sNjkcE/WNKlR3+t9bZh1pFGAq7NFRBtouQGHpQ==",
      "cpu": [
        "x64"
      ],
      "libc": [
        "glibc"
      ],
      "license": "MIT",
      "optional": true,
      "os": [
        "linux"
      ],
      "engines": {
        "node": ">= 10"
      }
    },
    "node_modules/@napi-rs/snappy-linux-x64-musl": {
      "version": "7.3.3",
      "resolved": "https://registry.npmjs.org/@napi-rs/snappy-linux-x64-musl/-/snappy-linux-x64-musl-7.3.3.tgz",
      "integrity": "sha512-6UvOyczHknpaKjrlKKSlX3rwpOrfJwiMG6qA0NRKJFgbcCAEUxmN9A8JvW4inP46DKdQ0bekdOxwRtAhFiTDfg==",
      "cpu": [
        "x64"
      ],
      "libc": [
        "musl"
      ],
      "license": "MIT",
      "optional": true,
      "os": [
        "linux"
      ],
      "engines": {
        "node": ">= 10"
      }
    },
    "node_modules/@napi-rs/snappy-openharmony-arm64": {
      "version": "7.3.3",
      "resolved": "https://registry.npmjs.org/@napi-rs/snappy-openharmony-arm64/-/snappy-openharmony-arm64-7.3.3.tgz",
      "integrity": "sha512-I5mak/5rTprobf7wMCk0vFhClmWOL/QiIJM4XontysnadmP/R9hAcmuFmoMV2GaxC9MblqLA7Z++gy8ou5hJVw==",
      "cpu": [
        "arm64"
      ],
      "license": "MIT",
      "optional": true,
      "os": [
        "openharmony"
      ],
      "engines": {
        "node": ">= 10"
      }
    },
    "node_modules/@napi-rs/snappy-wasm32-wasi": {
      "version": "7.3.3",
      "resolved": "https://registry.npmjs.org/@napi-rs/snappy-wasm32-wasi/-/snappy-wasm32-wasi-7.3.3.tgz",
      "integrity": "sha512-+EroeygVYo9RksOchjF206frhMkfD2PaIun3yH4Zp5j/Y0oIEgs/+VhAYx/f+zHRylQYUIdLzDRclcoepvlR8Q==",
      "cpu": [
        "wasm32"
      ],
      "license": "MIT",
      "optional": true,
      "dependencies": {
        "@napi-rs/wasm-runtime": "^1.0.3"
      },
      "engines": {
        "node": ">=14.0.0"
      }
    },
    "node_modules/@napi-rs/snappy-win32-arm64-msvc": {
      "version": "7.3.3",
      "resolved": "https://registry.npmjs.org/@napi-rs/snappy-win32-arm64-msvc/-/snappy-win32-arm64-msvc-7.3.3.tgz",
      "integrity": "sha512-rxqfntBsCfzgOha/OlG8ld2hs6YSMGhpMUbFjeQLyVDbooY041fRXv3S7yk52DfO6H4QQhLT5+p7cW0mYdhyiQ==",
      "cpu": [
        "arm64"
      ],
      "license": "MIT",
      "optional": true,
      "os": [
        "win32"
      ],
      "engines": {
        "node": ">= 10"
      }
    },
    "node_modules/@napi-rs/snappy-win32-ia32-msvc": {
      "version": "7.3.3",
      "resolved": "https://registry.npmjs.org/@napi-rs/snappy-win32-ia32-msvc/-/snappy-win32-ia32-msvc-7.3.3.tgz",
      "integrity": "sha512-joRV16DsRtqjGt0CdSpxGCkO0UlHGeTZ/GqvdscoALpRKbikR2Top4C61dxEchmOd3lSYsXutuwWWGg3Nr++WA==",
      "cpu": [
        "ia32"
      ],
      "license": "MIT",
      "optional": true,
      "os": [
        "win32"
      ],
      "engines": {
        "node": ">= 10"
      }
    },
    "node_modules/@napi-rs/snappy-win32-x64-msvc": {
      "version": "7.3.3",
      "resolved": "https://registry.npmjs.org/@napi-rs/snappy-win32-x64-msvc/-/snappy-win32-x64-msvc-7.3.3.tgz",
      "integrity": "sha512-cEnQwcsdJyOU7HSZODWsHpKuQoSYM4jaqw/hn9pOXYbRN1+02WxYppD3fdMuKN6TOA6YG5KA5PHRNeVilNX86Q==",
      "cpu": [
        "x64"
      ],
      "license": "MIT",
      "optional": true,
      "os": [
        "win32"
      ],
      "engines": {
        "node": ">= 10"
      }
    },
    "node_modules/@napi-rs/wasm-runtime": {
      "version": "1.1.4",
      "resolved": "https://registry.npmjs.org/@napi-rs/wasm-runtime/-/wasm-runtime-1.1.4.tgz",
      "integrity": "sha512-3NQNNgA1YSlJb/kMH1ildASP9HW7/7kYnRI2szWJaofaS1hWmbGI4H+d3+22aGzXXN9IJ+n+GiFVcGipJP18ow==",
      "license": "MIT",
      "optional": true,
      "dependencies": {
        "@tybys/wasm-util": "^0.10.1"
      },
      "funding": {
        "type": "github",
        "url": "https://github.com/sponsors/Brooooooklyn"
      },
      "peerDependencies": {
        "@emnapi/core": "^1.7.1",
        "@emnapi/runtime": "^1.7.1"
      }
    },
    "node_modules/@tybys/wasm-util": {
      "version": "0.10.2",
      "resolved": "https://registry.npmjs.org/@tybys/wasm-util/-/wasm-util-0.10.2.tgz",
      "integrity": "sha512-RoBvJ2X0wuKlWFIjrwffGw1IqZHKQqzIchKaadZZfnNpsAYp2mM0h36JtPCjNDAHGgYez/15uMBpfGwchhiMgg==",
      "license": "MIT",
      "optional": true,
      "dependencies": {
        "tslib": "^2.4.0"
      }
    },
    "node_modules/abstract-level": {
      "version": "2.0.2",
      "resolved": "https://registry.npmjs.org/abstract-level/-/abstract-level-2.0.2.tgz",
      "integrity": "sha512-pPJixmXk/kTKLB2sSue7o4Uj6TlLD2XfaP2gWZomHVCC6cuUGX/VslQqKG1yZHfXwBb/3lS6oSTMPGzh1P1iig==",
      "license": "MIT",
      "dependencies": {
        "buffer": "^6.0.3",
        "is-buffer": "^2.0.5",
        "level-supports": "^6.0.0",
        "level-transcoder": "^1.0.1",
        "maybe-combine-errors": "^1.0.0",
        "module-error": "^1.0.1"
      },
      "engines": {
        "node": ">=16"
      }
    },
    "node_modules/base64-js": {
      "version": "1.5.1",
      "resolved": "https://registry.npmjs.org/base64-js/-/base64-js-1.5.1.tgz",
      "integrity": "sha512-AKpaYlHn8t4SVbOHCy+b5+KKgvR4vrsD8vbvrbiQJps7fKDTkjkDry6ji0rUJjC0kzbNePLwzxq8iypo41qeWA==",
      "funding": [
        {
          "type": "github",
          "url": "https://github.com/sponsors/feross"
        },
        {
          "type": "patreon",
          "url": "https://www.patreon.com/feross"
        },
        {
          "type": "consulting",
          "url": "https://feross.org/support"
        }
      ],
      "license": "MIT"
    },
    "node_modules/buffer": {
      "version": "6.0.3",
      "resolved": "https://registry.npmjs.org/buffer/-/buffer-6.0.3.tgz",
      "integrity": "sha512-FTiCpNxtwiZZHEZbcbTIcZjERVICn9yq/pDFkTl95/AxzD1naBctN7YO68riM/gLSDY7sdrMby8hofADYuuqOA==",
      "funding": [
        {
          "type": "github",
          "url": "https://github.com/sponsors/feross"
        },
        {
          "type": "patreon",
          "url": "https://www.patreon.com/feross"
        },
        {
          "type": "consulting",
          "url": "https://feross.org/support"
        }
      ],
      "license": "MIT",
      "dependencies": {
        "base64-js": "^1.3.1",
        "ieee754": "^1.2.1"
      }
    },
    "node_modules/classic-level": {
      "version": "2.0.0",
      "resolved": "https://registry.npmjs.org/classic-level/-/classic-level-2.0.0.tgz",
      "integrity": "sha512-ftiMvKgCQK+OppXcvMieDoYlYLYWhScK6yZRFBrrlHQRbm4k6Gr+yDgu/wt3V0k1/jtNbuiXAsRmuAFcD0Tx5Q==",
      "hasInstallScript": true,
      "license": "MIT",
      "dependencies": {
        "abstract-level": "^2.0.0",
        "module-error": "^1.0.1",
        "napi-macros": "^2.2.2",
        "node-gyp-build": "^4.3.0"
      },
      "engines": {
        "node": ">=18"
      }
    },
    "node_modules/ieee754": {
      "version": "1.2.1",
      "resolved": "https://registry.npmjs.org/ieee754/-/ieee754-1.2.1.tgz",
      "integrity": "sha512-dcyqhDvX1C46lXZcVqCpK+FtMRQVdIMN6/Df5js2zouUsqG7I6sFxitIC+7KYK29KdXOLHdu9zL4sFnoVQnqaA==",
      "funding": [
        {
          "type": "github",
          "url": "https://github.com/sponsors/feross"
        },
        {
          "type": "patreon",
          "url": "https://www.patreon.com/feross"
        },
        {
          "type": "consulting",
          "url": "https://feross.org/support"
        }
      ],
      "license": "BSD-3-Clause"
    },
    "node_modules/is-buffer": {
      "version": "2.0.5",
      "resolved": "https://registry.npmjs.org/is-buffer/-/is-buffer-2.0.5.tgz",
      "integrity": "sha512-i2R6zNFDwgEHJyQUtJEk0XFi1i0dPFn/oqjK3/vPCcDeJvW5NQ83V8QbicfF1SupOaB0h8ntgBC2YiE7dfyctQ==",
      "funding": [
        {
          "type": "github",
          "url": "https://github.com/sponsors/feross"
        },
        {
          "type": "patreon",
          "url": "https://www.patreon.com/feross"
        },
        {
          "type": "consulting",
          "url": "https://feross.org/support"
        }
      ],
      "license": "MIT",
      "engines": {
        "node": ">=4"
      }
    },
    "node_modules/level-supports": {
      "version": "6.2.0",
      "resolved": "https://registry.npmjs.org/level-supports/-/level-supports-6.2.0.tgz",
      "integrity": "sha512-QNxVXP0IRnBmMsJIh+sb2kwNCYcKciQZJEt+L1hPCHrKNELllXhvrlClVHXBYZVT+a7aTSM6StgNXdAldoab3w==",
      "license": "MIT",
      "engines": {
        "node": ">=16"
      }
    },
    "node_modules/level-transcoder": {
      "version": "1.0.1",
      "resolved": "https://registry.npmjs.org/level-transcoder/-/level-transcoder-1.0.1.tgz",
      "integrity": "sha512-t7bFwFtsQeD8cl8NIoQ2iwxA0CL/9IFw7/9gAjOonH0PWTTiRfY7Hq+Ejbsxh86tXobDQ6IOiddjNYIfOBs06w==",
      "license": "MIT",
      "dependencies": {
        "buffer": "^6.0.3",
        "module-error": "^1.0.1"
      },
      "engines": {
        "node": ">=12"
      }
    },
    "node_modules/maybe-combine-errors": {
      "version": "1.0.0",
      "resolved": "https://registry.npmjs.org/maybe-combine-errors/-/maybe-combine-errors-1.0.0.tgz",
      "integrity": "sha512-eefp6IduNPT6fVdwPp+1NgD0PML1NU5P6j1Mj5nz1nidX8/sWY7119WL8vTAHgqfsY74TzW0w1XPgdYEKkGZ5A==",
      "license": "MIT",
      "engines": {
        "node": ">=10"
      }
    },
    "node_modules/module-error": {
      "version": "1.0.2",
      "resolved": "https://registry.npmjs.org/module-error/-/module-error-1.0.2.tgz",
      "integrity": "sha512-0yuvsqSCv8LbaOKhnsQ/T5JhyFlCYLPXK3U2sgV10zoKQwzs/MyfuQUOZQ1V/6OCOJsK/TRgNVrPuPDqtdMFtA==",
      "license": "MIT",
      "engines": {
        "node": ">=10"
      }
    },
    "node_modules/napi-macros": {
      "version": "2.2.2",
      "resolved": "https://registry.npmjs.org/napi-macros/-/napi-macros-2.2.2.tgz",
      "integrity": "sha512-hmEVtAGYzVQpCKdbQea4skABsdXW4RUh5t5mJ2zzqowJS2OyXZTU1KhDVFhx+NlWZ4ap9mqR9TcDO3LTTttd+g==",
      "license": "MIT"
    },
    "node_modules/node-gyp-build": {
      "version": "4.8.4",
      "resolved": "https://registry.npmjs.org/node-gyp-build/-/node-gyp-build-4.8.4.tgz",
      "integrity": "sha512-LA4ZjwlnUblHVgq0oBF3Jl/6h/Nvs5fzBLwdEF4nuxnFdsfajde4WfxtJr3CaiH+F6ewcIB/q4jQ4UzPyid+CQ==",
      "license": "MIT",
      "bin": {
        "node-gyp-build": "bin.js",
        "node-gyp-build-optional": "optional.js",
        "node-gyp-build-test": "build-test.js"
      }
    },
    "node_modules/snappy": {
      "version": "7.3.3",
      "resolved": "https://registry.npmjs.org/snappy/-/snappy-7.3.3.tgz",
      "integrity": "sha512-UDJVCunvgblRpfTOjo/uT7pQzfrTsSICJ4yVS4aq7SsGBaUSpJwaVP15nF//jqinSLpN7boe/BqbUmtWMTQ5MQ==",
      "license": "MIT",
      "engines": {
        "node": ">= 10"
      },
      "funding": {
        "type": "github",
        "url": "https://github.com/sponsors/Brooooooklyn"
      },
      "optionalDependencies": {
        "@napi-rs/snappy-android-arm-eabi": "7.3.3",
        "@napi-rs/snappy-android-arm64": "7.3.3",
        "@napi-rs/snappy-darwin-arm64": "7.3.3",
        "@napi-rs/snappy-darwin-x64": "7.3.3",
        "@napi-rs/snappy-freebsd-x64": "7.3.3",
        "@napi-rs/snappy-linux-arm-gnueabihf": "7.3.3",
        "@napi-rs/snappy-linux-arm64-gnu": "7.3.3",
        "@napi-rs/snappy-linux-arm64-musl": "7.3.3",
        "@napi-rs/snappy-linux-ppc64-gnu": "7.3.3",
        "@napi-rs/snappy-linux-riscv64-gnu": "7.3.3",
        "@napi-rs/snappy-linux-s390x-gnu": "7.3.3",
        "@napi-rs/snappy-linux-x64-gnu": "7.3.3",
        "@napi-rs/snappy-linux-x64-musl": "7.3.3",
        "@napi-rs/snappy-openharmony-arm64": "7.3.3",
        "@napi-rs/snappy-wasm32-wasi": "7.3.3",
        "@napi-rs/snappy-win32-arm64-msvc": "7.3.3",
        "@napi-rs/snappy-win32-ia32-msvc": "7.3.3",
        "@napi-rs/snappy-win32-x64-msvc": "7.3.3"
      }
    },
    "node_modules/tslib": {
      "version": "2.8.1",
      "resolved": "https://registry.npmjs.org/tslib/-/tslib-2.8.1.tgz",
      "integrity": "sha512-oJFu94HQb+KVduSUQL7wnpmqnfmLsOA/nAh6b6EH0wCEoK0/mPeXU6c3wKDV83MkOuHPRHtSXKKU99IBazS/2w==",
      "license": "0BSD",
      "optional": true
    }
  }
}
